
Microsoft Visual Studio Solution File, Format Version 12.00
# Visual Studio 15
VisualStudioVersion = 15.0.28307.421
MinimumVisualStudioVersion = 10.0.40219.1
Project("{9A19103F-16F7-4668-BE54-9A1E7A4F7556}") = "AltVStrefaRPServer", "AltVStrefaRPServer\AltVStrefaRPServer.csproj", "{08231F11-E558-4419-86B6-885962970748}"
EndProject
Global
	GlobalSection(SolutionConfigurationPlatforms) = preSolution
		Debug|Any CPU = Debug|Any CPU
		Publish|Any CPU = Publish|Any CPU
		Release|Any CPU = Release|Any CPU
	EndGlobalSection
	GlobalSection(ProjectConfigurationPlatforms) = postSolution
		{08231F11-E558-4419-86B6-885962970748}.Debug|Any CPU.ActiveCfg = Debug|Any CPU
		{08231F11-E558-4419-86B6-885962970748}.Debug|Any CPU.Build.0 = Debug|Any CPU
		{08231F11-E558-4419-86B6-885962970748}.Publish|Any CPU.ActiveCfg = Release|Any CPU
		{08231F11-E558-4419-86B6-885962970748}.Publish|Any CPU.Build.0 = Release|Any CPU
		{08231F11-E558-4419-86B6-885962970748}.Release|Any CPU.ActiveCfg = Release|Any CPU
		{08231F11-E558-4419-86B6-885962970748}.Release|Any CPU.Build.0 = Release|Any CPU
	EndGlobalSection
	GlobalSection(SolutionProperties) = preSolution
		HideSolutionNode = FALSE
	EndGlobalSection
	GlobalSection(ExtensibilityGlobals) = postSolution
		SolutionGuid = {3D0D0500-E0D7-4D62-B62F-5B760C2996E3}
	EndGlobalSection
EndGlobal
